
Microsoft Visual Studio Solution File, Format Version 12.00
# Visual Studio Version 16
VisualStudioVersion = 16.0.30204.135
MinimumVisualStudioVersion = 10.0.40219.1
Project("{9A19103F-16F7-4668-BE54-9A1E7A4F7556}") = "BackendFerreteria", "BackendFerreteria\BackendFerreteria.csproj", "{C5426F8F-972D-48DA-BD27-5A9C1EE820B8}"
EndProject
Global
	GlobalSection(SolutionConfigurationPlatforms) = preSolution
		Debug|Any CPU = Debug|Any CPU
		Release|Any CPU = Release|Any CPU
	EndGlobalSection
	GlobalSection(ProjectConfigurationPlatforms) = postSolution
		{C5426F8F-972D-48DA-BD27-5A9C1EE820B8}.Debug|Any CPU.ActiveCfg = Debug|Any CPU
		{C5426F8F-972D-48DA-BD27-5A9C1EE820B8}.Debug|Any CPU.Build.0 = Debug|Any CPU
		{C5426F8F-972D-48DA-BD27-5A9C1EE820B8}.Release|Any CPU.ActiveCfg = Release|Any CPU
		{C5426F8F-972D-48DA-BD27-5A9C1EE820B8}.Release|Any CPU.Build.0 = Release|Any CPU
	EndGlobalSection
	GlobalSection(SolutionProperties) = preSolution
		HideSolutionNode = FALSE
	EndGlobalSection
	GlobalSection(ExtensibilityGlobals) = postSolution
		SolutionGuid = {F38B82E1-81D0-49BE-B1F8-50E5AA6B40C0}
	EndGlobalSection
EndGlobal
